
Microsoft Visual Studio Solution File, Format Version 12.00
# Visual Studio Version 17
VisualStudioVersion = 17.9.34714.143
MinimumVisualStudioVersion = 10.0.40219.1
Project("{FAE04EC0-301F-11D3-BF4B-00C04F79EFBC}") = "Ex.EstruturasSequenciais6", "Ex.EstruturasSequenciais6.csproj", "{EF423093-385B-4470-901C-FA03E50F188D}"
EndProject
Global
	GlobalSection(SolutionConfigurationPlatforms) = preSolution
		Debug|Any CPU = Debug|Any CPU
		Release|Any CPU = Release|Any CPU
	EndGlobalSection
	GlobalSection(ProjectConfigurationPlatforms) = postSolution
		{EF423093-385B-4470-901C-FA03E50F188D}.Debug|Any CPU.ActiveCfg = Debug|Any CPU
		{EF423093-385B-4470-901C-FA03E50F188D}.Debug|Any CPU.Build.0 = Debug|Any CPU
		{EF423093-385B-4470-901C-FA03E50F188D}.Release|Any CPU.ActiveCfg = Release|Any CPU
		{EF423093-385B-4470-901C-FA03E50F188D}.Release|Any CPU.Build.0 = Release|Any CPU
	EndGlobalSection
	GlobalSection(SolutionProperties) = preSolution
		HideSolutionNode = FALSE
	EndGlobalSection
	GlobalSection(ExtensibilityGlobals) = postSolution
		SolutionGuid = {A2B91703-4960-40D5-B9CD-FB9E3B4A5823}
	EndGlobalSection
EndGlobal
