
Microsoft Visual Studio Solution File, Format Version 12.00
# Visual Studio Version 17
VisualStudioVersion = 17.9.34714.143
MinimumVisualStudioVersion = 10.0.40219.1
Project("{FAE04EC0-301F-11D3-BF4B-00C04F79EFBC}") = "Ex.EstruturasSequenciais3", "Ex.EstruturasSequenciais3.csproj", "{13187F0A-10FA-4A2E-AED0-2241AAC2E4DE}"
EndProject
Global
	GlobalSection(SolutionConfigurationPlatforms) = preSolution
		Debug|Any CPU = Debug|Any CPU
		Release|Any CPU = Release|Any CPU
	EndGlobalSection
	GlobalSection(ProjectConfigurationPlatforms) = postSolution
		{13187F0A-10FA-4A2E-AED0-2241AAC2E4DE}.Debug|Any CPU.ActiveCfg = Debug|Any CPU
		{13187F0A-10FA-4A2E-AED0-2241AAC2E4DE}.Debug|Any CPU.Build.0 = Debug|Any CPU
		{13187F0A-10FA-4A2E-AED0-2241AAC2E4DE}.Release|Any CPU.ActiveCfg = Release|Any CPU
		{13187F0A-10FA-4A2E-AED0-2241AAC2E4DE}.Release|Any CPU.Build.0 = Release|Any CPU
	EndGlobalSection
	GlobalSection(SolutionProperties) = preSolution
		HideSolutionNode = FALSE
	EndGlobalSection
	GlobalSection(ExtensibilityGlobals) = postSolution
		SolutionGuid = {D10AEF9C-61EB-4AA8-98FD-F626275AEEED}
	EndGlobalSection
EndGlobal
