
Microsoft Visual Studio Solution File, Format Version 12.00
# Visual Studio Version 17
VisualStudioVersion = 17.9.34714.143
MinimumVisualStudioVersion = 10.0.40219.1
Project("{FAE04EC0-301F-11D3-BF4B-00C04F79EFBC}") = "Ex.EstruturasCondicionais-Exemplo2", "Ex.EstruturasCondicionais-Exemplo2.csproj", "{0051AF74-68F7-4817-9093-98AE8B1C746C}"
EndProject
Global
	GlobalSection(SolutionConfigurationPlatforms) = preSolution
		Debug|Any CPU = Debug|Any CPU
		Release|Any CPU = Release|Any CPU
	EndGlobalSection
	GlobalSection(ProjectConfigurationPlatforms) = postSolution
		{0051AF74-68F7-4817-9093-98AE8B1C746C}.Debug|Any CPU.ActiveCfg = Debug|Any CPU
		{0051AF74-68F7-4817-9093-98AE8B1C746C}.Debug|Any CPU.Build.0 = Debug|Any CPU
		{0051AF74-68F7-4817-9093-98AE8B1C746C}.Release|Any CPU.ActiveCfg = Release|Any CPU
		{0051AF74-68F7-4817-9093-98AE8B1C746C}.Release|Any CPU.Build.0 = Release|Any CPU
	EndGlobalSection
	GlobalSection(SolutionProperties) = preSolution
		HideSolutionNode = FALSE
	EndGlobalSection
	GlobalSection(ExtensibilityGlobals) = postSolution
		SolutionGuid = {CC7C2CD1-B09B-4631-8D60-77F33DD59B18}
	EndGlobalSection
EndGlobal
