
Microsoft Visual Studio Solution File, Format Version 12.00
# Visual Studio Version 17
VisualStudioVersion = 17.9.34714.143
MinimumVisualStudioVersion = 10.0.40219.1
Project("{FAE04EC0-301F-11D3-BF4B-00C04F79EFBC}") = "ExEstruturasCondicionais2", "ExEstruturasCondicionais2.csproj", "{AC951250-EB7C-437C-81EE-2C1919A4082C}"
EndProject
Global
	GlobalSection(SolutionConfigurationPlatforms) = preSolution
		Debug|Any CPU = Debug|Any CPU
		Release|Any CPU = Release|Any CPU
	EndGlobalSection
	GlobalSection(ProjectConfigurationPlatforms) = postSolution
		{AC951250-EB7C-437C-81EE-2C1919A4082C}.Debug|Any CPU.ActiveCfg = Debug|Any CPU
		{AC951250-EB7C-437C-81EE-2C1919A4082C}.Debug|Any CPU.Build.0 = Debug|Any CPU
		{AC951250-EB7C-437C-81EE-2C1919A4082C}.Release|Any CPU.ActiveCfg = Release|Any CPU
		{AC951250-EB7C-437C-81EE-2C1919A4082C}.Release|Any CPU.Build.0 = Release|Any CPU
	EndGlobalSection
	GlobalSection(SolutionProperties) = preSolution
		HideSolutionNode = FALSE
	EndGlobalSection
	GlobalSection(ExtensibilityGlobals) = postSolution
		SolutionGuid = {C2A86B5B-9FC6-4C2D-B6FD-AE8D56E36D25}
	EndGlobalSection
EndGlobal
