
Microsoft Visual Studio Solution File, Format Version 12.00
# Visual Studio Version 17
VisualStudioVersion = 17.9.34714.143
MinimumVisualStudioVersion = 10.0.40219.1
Project("{FAE04EC0-301F-11D3-BF4B-00C04F79EFBC}") = "Entrada de dados - Exercício", "Entrada de dados - Exercício.csproj", "{016E04FE-B8D2-4B23-AA77-5565CECF45A8}"
EndProject
Global
	GlobalSection(SolutionConfigurationPlatforms) = preSolution
		Debug|Any CPU = Debug|Any CPU
		Release|Any CPU = Release|Any CPU
	EndGlobalSection
	GlobalSection(ProjectConfigurationPlatforms) = postSolution
		{016E04FE-B8D2-4B23-AA77-5565CECF45A8}.Debug|Any CPU.ActiveCfg = Debug|Any CPU
		{016E04FE-B8D2-4B23-AA77-5565CECF45A8}.Debug|Any CPU.Build.0 = Debug|Any CPU
		{016E04FE-B8D2-4B23-AA77-5565CECF45A8}.Release|Any CPU.ActiveCfg = Release|Any CPU
		{016E04FE-B8D2-4B23-AA77-5565CECF45A8}.Release|Any CPU.Build.0 = Release|Any CPU
	EndGlobalSection
	GlobalSection(SolutionProperties) = preSolution
		HideSolutionNode = FALSE
	EndGlobalSection
	GlobalSection(ExtensibilityGlobals) = postSolution
		SolutionGuid = {2F37CC52-2528-467A-BBD5-3E385EFB6347}
	EndGlobalSection
EndGlobal
